
Microsoft Visual Studio Solution File, Format Version 12.00
# Visual Studio Version 16
VisualStudioVersion = 16.0.32002.261
MinimumVisualStudioVersion = 10.0.40219.1
Project("{888888A0-9F3D-457C-B088-3A5042F75D52}") = "Virus", "Virus.pyproj", "{F64273AA-10D0-463C-86A7-132D7FCB2FA6}"
EndProject
Global
	GlobalSection(SolutionConfigurationPlatforms) = preSolution
		Debug|Any CPU = Debug|Any CPU
		Release|Any CPU = Release|Any CPU
	EndGlobalSection
	GlobalSection(ProjectConfigurationPlatforms) = postSolution
		{F64273AA-10D0-463C-86A7-132D7FCB2FA6}.Debug|Any CPU.ActiveCfg = Debug|Any CPU
		{F64273AA-10D0-463C-86A7-132D7FCB2FA6}.Release|Any CPU.ActiveCfg = Release|Any CPU
	EndGlobalSection
	GlobalSection(SolutionProperties) = preSolution
		HideSolutionNode = FALSE
	EndGlobalSection
	GlobalSection(ExtensibilityGlobals) = postSolution
		SolutionGuid = {E134AC53-0FBA-4B08-8145-0A175B9F9828}
	EndGlobalSection
EndGlobal
