
Microsoft Visual Studio Solution File, Format Version 12.00
# Visual Studio Version 16
VisualStudioVersion = 16.0.31911.196
MinimumVisualStudioVersion = 10.0.40219.1
Project("{FAE04EC0-301F-11D3-BF4B-00C04F79EFBC}") = "XAMLUI.UWP", "XAMLUI.UWP\XAMLUI.UWP.csproj", "{C12C6CB9-D095-4CAD-B9E6-474B8A676556}"
EndProject
Project("{FAE04EC0-301F-11D3-BF4B-00C04F79EFBC}") = "XAMLUI.Android", "XAMLUI.Android\XAMLUI.Android.csproj", "{FDF1F0A8-FFBF-41A6-88B9-A178C4192D9E}"
EndProject
Project("{FAE04EC0-301F-11D3-BF4B-00C04F79EFBC}") = "XAMLUI.iOS", "XAMLUI.iOS\XAMLUI.iOS.csproj", "{9104E523-7A7C-4EA0-8853-B5E612E31DD4}"
EndProject
Project("{FAE04EC0-301F-11D3-BF4B-00C04F79EFBC}") = "XAMLUI", "XAMLUI\XAMLUI.csproj", "{40609A35-546D-4BFB-ACD3-3AA19926C0D1}"
EndProject
Global
	GlobalSection(SolutionConfigurationPlatforms) = preSolution
		Debug|Any CPU = Debug|Any CPU
		Debug|ARM = Debug|ARM
		Debug|iPhone = Debug|iPhone
		Debug|iPhoneSimulator = Debug|iPhoneSimulator
		Debug|x64 = Debug|x64
		Debug|x86 = Debug|x86
		Release|Any CPU = Release|Any CPU
		Release|ARM = Release|ARM
		Release|iPhone = Release|iPhone
		Release|iPhoneSimulator = Release|iPhoneSimulator
		Release|x64 = Release|x64
		Release|x86 = Release|x86
	EndGlobalSection
	GlobalSection(ProjectConfigurationPlatforms) = postSolution
		{C12C6CB9-D095-4CAD-B9E6-474B8A676556}.Debug|Any CPU.ActiveCfg = Debug|x86
		{C12C6CB9-D095-4CAD-B9E6-474B8A676556}.Debug|Any CPU.Build.0 = Debug|x86
		{C12C6CB9-D095-4CAD-B9E6-474B8A676556}.Debug|Any CPU.Deploy.0 = Debug|x86
		{C12C6CB9-D095-4CAD-B9E6-474B8A676556}.Debug|ARM.ActiveCfg = Debug|ARM
		{C12C6CB9-D095-4CAD-B9E6-474B8A676556}.Debug|ARM.Build.0 = Debug|ARM
		{C12C6CB9-D095-4CAD-B9E6-474B8A676556}.Debug|ARM.Deploy.0 = Debug|ARM
		{C12C6CB9-D095-4CAD-B9E6-474B8A676556}.Debug|iPhone.ActiveCfg = Debug|x86
		{C12C6CB9-D095-4CAD-B9E6-474B8A676556}.Debug|iPhone.Build.0 = Debug|x86
		{C12C6CB9-D095-4CAD-B9E6-474B8A676556}.Debug|iPhone.Deploy.0 = Debug|x86
		{C12C6CB9-D095-4CAD-B9E6-474B8A676556}.Debug|iPhoneSimulator.ActiveCfg = Debug|x86
		{C12C6CB9-D095-4CAD-B9E6-474B8A676556}.Debug|iPhoneSimulator.Build.0 = Debug|x86
		{C12C6CB9-D095-4CAD-B9E6-474B8A676556}.Debug|iPhoneSimulator.Deploy.0 = Debug|x86
		{C12C6CB9-D095-4CAD-B9E6-474B8A676556}.Debug|x64.ActiveCfg = Debug|x64
		{C12C6CB9-D095-4CAD-B9E6-474B8A676556}.Debug|x64.Build.0 = Debug|x64
		{C12C6CB9-D095-4CAD-B9E6-474B8A676556}.Debug|x64.Deploy.0 = Debug|x64
		{C12C6CB9-D095-4CAD-B9E6-474B8A676556}.Debug|x86.ActiveCfg = Debug|x86
		{C12C6CB9-D095-4CAD-B9E6-474B8A676556}.Debug|x86.Build.0 = Debug|x86
		{C12C6CB9-D095-4CAD-B9E6-474B8A676556}.Debug|x86.Deploy.0 = Debug|x86
		{C12C6CB9-D095-4CAD-B9E6-474B8A676556}.Release|Any CPU.ActiveCfg = Release|x86
		{C12C6CB9-D095-4CAD-B9E6-474B8A676556}.Release|Any CPU.Build.0 = Release|x86
		{C12C6CB9-D095-4CAD-B9E6-474B8A676556}.Release|Any CPU.Deploy.0 = Release|x86
		{C12C6CB9-D095-4CAD-B9E6-474B8A676556}.Release|ARM.ActiveCfg = Release|ARM
		{C12C6CB9-D095-4CAD-B9E6-474B8A676556}.Release|ARM.Build.0 = Release|ARM
		{C12C6CB9-D095-4CAD-B9E6-474B8A676556}.Release|ARM.Deploy.0 = Release|ARM
		{C12C6CB9-D095-4CAD-B9E6-474B8A676556}.Release|iPhone.ActiveCfg = Release|x86
		{C12C6CB9-D095-4CAD-B9E6-474B8A676556}.Release|iPhone.Build.0 = Release|x86
		{C12C6CB9-D095-4CAD-B9E6-474B8A676556}.Release|iPhone.Deploy.0 = Release|x86
		{C12C6CB9-D095-4CAD-B9E6-474B8A676556}.Release|iPhoneSimulator.ActiveCfg = Release|x86
		{C12C6CB9-D095-4CAD-B9E6-474B8A676556}.Release|iPhoneSimulator.Build.0 = Release|x86
		{C12C6CB9-D095-4CAD-B9E6-474B8A676556}.Release|iPhoneSimulator.Deploy.0 = Release|x86
		{C12C6CB9-D095-4CAD-B9E6-474B8A676556}.Release|x64.ActiveCfg = Release|x64
		{C12C6CB9-D095-4CAD-B9E6-474B8A676556}.Release|x64.Build.0 = Release|x64
		{C12C6CB9-D095-4CAD-B9E6-474B8A676556}.Release|x64.Deploy.0 = Release|x64
		{C12C6CB9-D095-4CAD-B9E6-474B8A676556}.Release|x86.ActiveCfg = Release|x86
		{C12C6CB9-D095-4CAD-B9E6-474B8A676556}.Release|x86.Build.0 = Release|x86
		{C12C6CB9-D095-4CAD-B9E6-474B8A676556}.Release|x86.Deploy.0 = Release|x86
		{FDF1F0A8-FFBF-41A6-88B9-A178C4192D9E}.Debug|Any CPU.ActiveCfg = Debug|Any CPU
		{FDF1F0A8-FFBF-41A6-88B9-A178C4192D9E}.Debug|Any CPU.Build.0 = Debug|Any CPU
		{FDF1F0A8-FFBF-41A6-88B9-A178C4192D9E}.Debug|Any CPU.Deploy.0 = Debug|Any CPU
		{FDF1F0A8-FFBF-41A6-88B9-A178C4192D9E}.Debug|ARM.ActiveCfg = Debug|Any CPU
		{FDF1F0A8-FFBF-41A6-88B9-A178C4192D9E}.Debug|ARM.Build.0 = Debug|Any CPU
		{FDF1F0A8-FFBF-41A6-88B9-A178C4192D9E}.Debug|ARM.Deploy.0 = Debug|Any CPU
		{FDF1F0A8-FFBF-41A6-88B9-A178C4192D9E}.Debug|iPhone.ActiveCfg = Debug|Any CPU
		{FDF1F0A8-FFBF-41A6-88B9-A178C4192D9E}.Debug|iPhone.Build.0 = Debug|Any CPU
		{FDF1F0A8-FFBF-41A6-88B9-A178C4192D9E}.Debug|iPhone.Deploy.0 = Debug|Any CPU
		{FDF1F0A8-FFBF-41A6-88B9-A178C4192D9E}.Debug|iPhoneSimulator.ActiveCfg = Debug|Any CPU
		{FDF1F0A8-FFBF-41A6-88B9-A178C4192D9E}.Debug|iPhoneSimulator.Build.0 = Debug|Any CPU
		{FDF1F0A8-FFBF-41A6-88B9-A178C4192D9E}.Debug|iPhoneSimulator.Deploy.0 = Debug|Any CPU
		{FDF1F0A8-FFBF-41A6-88B9-A178C4192D9E}.Debug|x64.ActiveCfg = Debug|Any CPU
		{FDF1F0A8-FFBF-41A6-88B9-A178C4192D9E}.Debug|x64.Build.0 = Debug|Any CPU
		{FDF1F0A8-FFBF-41A6-88B9-A178C4192D9E}.Debug|x64.Deploy.0 = Debug|Any CPU
		{FDF1F0A8-FFBF-41A6-88B9-A178C4192D9E}.Debug|x86.ActiveCfg = Debug|Any CPU
		{FDF1F0A8-FFBF-41A6-88B9-A178C4192D9E}.Debug|x86.Build.0 = Debug|Any CPU
		{FDF1F0A8-FFBF-41A6-88B9-A178C4192D9E}.Debug|x86.Deploy.0 = Debug|Any CPU
		{FDF1F0A8-FFBF-41A6-88B9-A178C4192D9E}.Release|Any CPU.ActiveCfg = Release|Any CPU
		{FDF1F0A8-FFBF-41A6-88B9-A178C4192D9E}.Release|Any CPU.Build.0 = Release|Any CPU
		{FDF1F0A8-FFBF-41A6-88B9-A178C4192D9E}.Release|Any CPU.Deploy.0 = Release|Any CPU
		{FDF1F0A8-FFBF-41A6-88B9-A178C4192D9E}.Release|ARM.ActiveCfg = Release|Any CPU
		{FDF1F0A8-FFBF-41A6-88B9-A178C4192D9E}.Release|ARM.Build.0 = Release|Any CPU
		{FDF1F0A8-FFBF-41A6-88B9-A178C4192D9E}.Release|ARM.Deploy.0 = Release|Any CPU
		{FDF1F0A8-FFBF-41A6-88B9-A178C4192D9E}.Release|iPhone.ActiveCfg = Release|Any CPU
		{FDF1F0A8-FFBF-41A6-88B9-A178C4192D9E}.Release|iPhone.Build.0 = Release|Any CPU
		{FDF1F0A8-FFBF-41A6-88B9-A178C4192D9E}.Release|iPhone.Deploy.0 = Release|Any CPU
		{FDF1F0A8-FFBF-41A6-88B9-A178C4192D9E}.Release|iPhoneSimulator.ActiveCfg = Release|Any CPU
		{FDF1F0A8-FFBF-41A6-88B9-A178C4192D9E}.Release|iPhoneSimulator.Build.0 = Release|Any CPU
		{FDF1F0A8-FFBF-41A6-88B9-A178C4192D9E}.Release|iPhoneSimulator.Deploy.0 = Release|Any CPU
		{FDF1F0A8-FFBF-41A6-88B9-A178C4192D9E}.Release|x64.ActiveCfg = Release|Any CPU
		{FDF1F0A8-FFBF-41A6-88B9-A178C4192D9E}.Release|x64.Build.0 = Release|Any CPU
		{FDF1F0A8-FFBF-41A6-88B9-A178C4192D9E}.Release|x64.Deploy.0 = Release|Any CPU
		{FDF1F0A8-FFBF-41A6-88B9-A178C4192D9E}.Release|x86.ActiveCfg = Release|Any CPU
		{FDF1F0A8-FFBF-41A6-88B9-A178C4192D9E}.Release|x86.Build.0 = Release|Any CPU
		{FDF1F0A8-FFBF-41A6-88B9-A178C4192D9E}.Release|x86.Deploy.0 = Release|Any CPU
		{9104E523-7A7C-4EA0-8853-B5E612E31DD4}.Debug|Any CPU.ActiveCfg = Debug|iPhoneSimulator
		{9104E523-7A7C-4EA0-8853-B5E612E31DD4}.Debug|Any CPU.Build.0 = Debug|iPhoneSimulator
		{9104E523-7A7C-4EA0-8853-B5E612E31DD4}.Debug|Any CPU.Deploy.0 = Debug|iPhoneSimulator
		{9104E523-7A7C-4EA0-8853-B5E612E31DD4}.Debug|ARM.ActiveCfg = Debug|iPhone
		{9104E523-7A7C-4EA0-8853-B5E612E31DD4}.Debug|ARM.Build.0 = Debug|iPhone
		{9104E523-7A7C-4EA0-8853-B5E612E31DD4}.Debug|ARM.Deploy.0 = Debug|iPhone
		{9104E523-7A7C-4EA0-8853-B5E612E31DD4}.Debug|iPhone.ActiveCfg = Debug|iPhone
		{9104E523-7A7C-4EA0-8853-B5E612E31DD4}.Debug|iPhone.Build.0 = Debug|iPhone
		{9104E523-7A7C-4EA0-8853-B5E612E31DD4}.Debug|iPhone.Deploy.0 = Debug|iPhone
		{9104E523-7A7C-4EA0-8853-B5E612E31DD4}.Debug|iPhoneSimulator.ActiveCfg = Debug|iPhoneSimulator
		{9104E523-7A7C-4EA0-8853-B5E612E31DD4}.Debug|iPhoneSimulator.Build.0 = Debug|iPhoneSimulator
		{9104E523-7A7C-4EA0-8853-B5E612E31DD4}.Debug|iPhoneSimulator.Deploy.0 = Debug|iPhoneSimulator
		{9104E523-7A7C-4EA0-8853-B5E612E31DD4}.Debug|x64.ActiveCfg = Debug|iPhoneSimulator
		{9104E523-7A7C-4EA0-8853-B5E612E31DD4}.Debug|x64.Build.0 = Debug|iPhoneSimulator
		{9104E523-7A7C-4EA0-8853-B5E612E31DD4}.Debug|x64.Deploy.0 = Debug|iPhoneSimulator
		{9104E523-7A7C-4EA0-8853-B5E612E31DD4}.Debug|x86.ActiveCfg = Debug|iPhoneSimulator
		{9104E523-7A7C-4EA0-8853-B5E612E31DD4}.Debug|x86.Build.0 = Debug|iPhoneSimulator
		{9104E523-7A7C-4EA0-8853-B5E612E31DD4}.Debug|x86.Deploy.0 = Debug|iPhoneSimulator
		{9104E523-7A7C-4EA0-8853-B5E612E31DD4}.Release|Any CPU.ActiveCfg = Release|iPhoneSimulator
		{9104E523-7A7C-4EA0-8853-B5E612E31DD4}.Release|Any CPU.Build.0 = Release|iPhoneSimulator
		{9104E523-7A7C-4EA0-8853-B5E612E31DD4}.Release|Any CPU.Deploy.0 = Release|iPhoneSimulator
		{9104E523-7A7C-4EA0-8853-B5E612E31DD4}.Release|ARM.ActiveCfg = Release|iPhoneSimulator
		{9104E523-7A7C-4EA0-8853-B5E612E31DD4}.Release|ARM.Build.0 = Release|iPhoneSimulator
		{9104E523-7A7C-4EA0-8853-B5E612E31DD4}.Release|ARM.Deploy.0 = Release|iPhoneSimulator
		{9104E523-7A7C-4EA0-8853-B5E612E31DD4}.Release|iPhone.ActiveCfg = Release|iPhone
		{9104E523-7A7C-4EA0-8853-B5E612E31DD4}.Release|iPhone.Build.0 = Release|iPhone
		{9104E523-7A7C-4EA0-8853-B5E612E31DD4}.Release|iPhone.Deploy.0 = Release|iPhone
		{9104E523-7A7C-4EA0-8853-B5E612E31DD4}.Release|iPhoneSimulator.ActiveCfg = Release|iPhoneSimulator
		{9104E523-7A7C-4EA0-8853-B5E612E31DD4}.Release|iPhoneSimulator.Build.0 = Release|iPhoneSimulator
		{9104E523-7A7C-4EA0-8853-B5E612E31DD4}.Release|iPhoneSimulator.Deploy.0 = Release|iPhoneSimulator
		{9104E523-7A7C-4EA0-8853-B5E612E31DD4}.Release|x64.ActiveCfg = Release|iPhoneSimulator
		{9104E523-7A7C-4EA0-8853-B5E612E31DD4}.Release|x64.Build.0 = Release|iPhoneSimulator
		{9104E523-7A7C-4EA0-8853-B5E612E31DD4}.Release|x64.Deploy.0 = Release|iPhoneSimulator
		{9104E523-7A7C-4EA0-8853-B5E612E31DD4}.Release|x86.ActiveCfg = Release|iPhoneSimulator
		{9104E523-7A7C-4EA0-8853-B5E612E31DD4}.Release|x86.Build.0 = Release|iPhoneSimulator
		{9104E523-7A7C-4EA0-8853-B5E612E31DD4}.Release|x86.Deploy.0 = Release|iPhoneSimulator
		{40609A35-546D-4BFB-ACD3-3AA19926C0D1}.Debug|Any CPU.ActiveCfg = Debug|Any CPU
		{40609A35-546D-4BFB-ACD3-3AA19926C0D1}.Debug|Any CPU.Build.0 = Debug|Any CPU
		{40609A35-546D-4BFB-ACD3-3AA19926C0D1}.Debug|Any CPU.Deploy.0 = Debug|Any CPU
		{40609A35-546D-4BFB-ACD3-3AA19926C0D1}.Debug|ARM.ActiveCfg = Debug|Any CPU
		{40609A35-546D-4BFB-ACD3-3AA19926C0D1}.Debug|ARM.Build.0 = Debug|Any CPU
		{40609A35-546D-4BFB-ACD3-3AA19926C0D1}.Debug|ARM.Deploy.0 = Debug|Any CPU
		{40609A35-546D-4BFB-ACD3-3AA19926C0D1}.Debug|iPhone.ActiveCfg = Debug|Any CPU
		{40609A35-546D-4BFB-ACD3-3AA19926C0D1}.Debug|iPhone.Build.0 = Debug|Any CPU
		{40609A35-546D-4BFB-ACD3-3AA19926C0D1}.Debug|iPhone.Deploy.0 = Debug|Any CPU
		{40609A35-546D-4BFB-ACD3-3AA19926C0D1}.Debug|iPhoneSimulator.ActiveCfg = Debug|Any CPU
		{40609A35-546D-4BFB-ACD3-3AA19926C0D1}.Debug|iPhoneSimulator.Build.0 = Debug|Any CPU
		{40609A35-546D-4BFB-ACD3-3AA19926C0D1}.Debug|iPhoneSimulator.Deploy.0 = Debug|Any CPU
		{40609A35-546D-4BFB-ACD3-3AA19926C0D1}.Debug|x64.ActiveCfg = Debug|Any CPU
		{40609A35-546D-4BFB-ACD3-3AA19926C0D1}.Debug|x64.Build.0 = Debug|Any CPU
		{40609A35-546D-4BFB-ACD3-3AA19926C0D1}.Debug|x64.Deploy.0 = Debug|Any CPU
		{40609A35-546D-4BFB-ACD3-3AA19926C0D1}.Debug|x86.ActiveCfg = Debug|Any CPU
		{40609A35-546D-4BFB-ACD3-3AA19926C0D1}.Debug|x86.Build.0 = Debug|Any CPU
		{40609A35-546D-4BFB-ACD3-3AA19926C0D1}.Debug|x86.Deploy.0 = Debug|Any CPU
		{40609A35-546D-4BFB-ACD3-3AA19926C0D1}.Release|Any CPU.ActiveCfg = Release|Any CPU
		{40609A35-546D-4BFB-ACD3-3AA19926C0D1}.Release|Any CPU.Build.0 = Release|Any CPU
		{40609A35-546D-4BFB-ACD3-3AA19926C0D1}.Release|Any CPU.Deploy.0 = Release|Any CPU
		{40609A35-546D-4BFB-ACD3-3AA19926C0D1}.Release|ARM.ActiveCfg = Release|Any CPU
		{40609A35-546D-4BFB-ACD3-3AA19926C0D1}.Release|ARM.Build.0 = Release|Any CPU
		{40609A35-546D-4BFB-ACD3-3AA19926C0D1}.Release|ARM.Deploy.0 = Release|Any CPU
		{40609A35-546D-4BFB-ACD3-3AA19926C0D1}.Release|iPhone.ActiveCfg = Release|Any CPU
		{40609A35-546D-4BFB-ACD3-3AA19926C0D1}.Release|iPhone.Build.0 = Release|Any CPU
		{40609A35-546D-4BFB-ACD3-3AA19926C0D1}.Release|iPhone.Deploy.0 = Release|Any CPU
		{40609A35-546D-4BFB-ACD3-3AA19926C0D1}.Release|iPhoneSimulator.ActiveCfg = Release|Any CPU
		{40609A35-546D-4BFB-ACD3-3AA19926C0D1}.Release|iPhoneSimulator.Build.0 = Release|Any CPU
		{40609A35-546D-4BFB-ACD3-3AA19926C0D1}.Release|iPhoneSimulator.Deploy.0 = Release|Any CPU
		{40609A35-546D-4BFB-ACD3-3AA19926C0D1}.Release|x64.ActiveCfg = Release|Any CPU
		{40609A35-546D-4BFB-ACD3-3AA19926C0D1}.Release|x64.Build.0 = Release|Any CPU
		{40609A35-546D-4BFB-ACD3-3AA19926C0D1}.Release|x64.Deploy.0 = Release|Any CPU
		{40609A35-546D-4BFB-ACD3-3AA19926C0D1}.Release|x86.ActiveCfg = Release|Any CPU
		{40609A35-546D-4BFB-ACD3-3AA19926C0D1}.Release|x86.Build.0 = Release|Any CPU
		{40609A35-546D-4BFB-ACD3-3AA19926C0D1}.Release|x86.Deploy.0 = Release|Any CPU
	EndGlobalSection
	GlobalSection(SolutionProperties) = preSolution
		HideSolutionNode = FALSE
	EndGlobalSection
	GlobalSection(ExtensibilityGlobals) = postSolution
		SolutionGuid = {5842ACDA-F28D-47C4-AD07-8BF1E500AEBB}
	EndGlobalSection
EndGlobal
